
Microsoft Visual Studio Solution File, Format Version 12.00
# Visual Studio Version 17
VisualStudioVersion = 17.9.34622.214
MinimumVisualStudioVersion = 10.0.40219.1
Project("{FAE04EC0-301F-11D3-BF4B-00C04F79EFBC}") = "poo1", "poo1.csproj", "{DE02C13C-E06F-4E96-B727-2175F72427C2}"
EndProject
Global
	GlobalSection(SolutionConfigurationPlatforms) = preSolution
		Debug|Any CPU = Debug|Any CPU
		Release|Any CPU = Release|Any CPU
	EndGlobalSection
	GlobalSection(ProjectConfigurationPlatforms) = postSolution
		{DE02C13C-E06F-4E96-B727-2175F72427C2}.Debug|Any CPU.ActiveCfg = Debug|Any CPU
		{DE02C13C-E06F-4E96-B727-2175F72427C2}.Debug|Any CPU.Build.0 = Debug|Any CPU
		{DE02C13C-E06F-4E96-B727-2175F72427C2}.Release|Any CPU.ActiveCfg = Release|Any CPU
		{DE02C13C-E06F-4E96-B727-2175F72427C2}.Release|Any CPU.Build.0 = Release|Any CPU
	EndGlobalSection
	GlobalSection(SolutionProperties) = preSolution
		HideSolutionNode = FALSE
	EndGlobalSection
	GlobalSection(ExtensibilityGlobals) = postSolution
		SolutionGuid = {511248F8-A02A-4058-A747-E6E30CC383D0}
	EndGlobalSection
EndGlobal
